
Microsoft Visual Studio Solution File, Format Version 12.00
# Visual Studio 15
VisualStudioVersion = 15.0.28010.2036
MinimumVisualStudioVersion = 10.0.40219.1
Project("{FAE04EC0-301F-11D3-BF4B-00C04F79EFBC}") = "OGStash", "OGStash\OGStash.csproj", "{64683A17-CA28-4F34-9769-9D463E835ACA}"
EndProject
Global
	GlobalSection(SolutionConfigurationPlatforms) = preSolution
		Debug|Any CPU = Debug|Any CPU
		Release|Any CPU = Release|Any CPU
	EndGlobalSection
	GlobalSection(ProjectConfigurationPlatforms) = postSolution
		{64683A17-CA28-4F34-9769-9D463E835ACA}.Debug|Any CPU.ActiveCfg = Debug|Any CPU
		{64683A17-CA28-4F34-9769-9D463E835ACA}.Debug|Any CPU.Build.0 = Debug|Any CPU
		{64683A17-CA28-4F34-9769-9D463E835ACA}.Release|Any CPU.ActiveCfg = Release|Any CPU
		{64683A17-CA28-4F34-9769-9D463E835ACA}.Release|Any CPU.Build.0 = Release|Any CPU
	EndGlobalSection
	GlobalSection(SolutionProperties) = preSolution
		HideSolutionNode = FALSE
	EndGlobalSection
	GlobalSection(ExtensibilityGlobals) = postSolution
		SolutionGuid = {852DB152-D036-4905-A17D-0C8BBAC5E88F}
	EndGlobalSection
EndGlobal
